
Microsoft Visual Studio Solution File, Format Version 12.00
# Visual Studio Version 16
VisualStudioVersion = 16.0.30114.105
MinimumVisualStudioVersion = 10.0.40219.1
Project("{FAE04EC0-301F-11D3-BF4B-00C04F79EFBC}") = "Problem2", "Problem2\Problem2.csproj", "{DE6AD84A-BCE5-4E4A-808A-098DD18AEAB2}"
EndProject
Global
	GlobalSection(SolutionConfigurationPlatforms) = preSolution
		Debug|Any CPU = Debug|Any CPU
		Release|Any CPU = Release|Any CPU
	EndGlobalSection
	GlobalSection(ProjectConfigurationPlatforms) = postSolution
		{DE6AD84A-BCE5-4E4A-808A-098DD18AEAB2}.Debug|Any CPU.ActiveCfg = Debug|Any CPU
		{DE6AD84A-BCE5-4E4A-808A-098DD18AEAB2}.Debug|Any CPU.Build.0 = Debug|Any CPU
		{DE6AD84A-BCE5-4E4A-808A-098DD18AEAB2}.Release|Any CPU.ActiveCfg = Release|Any CPU
		{DE6AD84A-BCE5-4E4A-808A-098DD18AEAB2}.Release|Any CPU.Build.0 = Release|Any CPU
	EndGlobalSection
	GlobalSection(SolutionProperties) = preSolution
		HideSolutionNode = FALSE
	EndGlobalSection
	GlobalSection(ExtensibilityGlobals) = postSolution
		SolutionGuid = {5CA9A4E9-F428-46EC-8DD0-2DC035B4AF65}
	EndGlobalSection
EndGlobal
